
Microsoft Visual Studio Solution File, Format Version 12.00
# Visual Studio 15
VisualStudioVersion = 15.0.27428.2043
MinimumVisualStudioVersion = 10.0.40219.1
Project("{FAE04EC0-301F-11D3-BF4B-00C04F79EFBC}") = "OSLibrary", "OSLibrary\OSLibrary.csproj", "{182F06B1-710F-45FC-978F-544506C0F002}"
EndProject
Project("{2150E333-8FDC-42A3-9474-1A3956D46DE8}") = "UnitTest", "UnitTest", "{E9BB1A4C-0C79-4296-9727-E1BC32D5AC89}"
EndProject
Project("{FAE04EC0-301F-11D3-BF4B-00C04F79EFBC}") = "OnlineStore", "OnlineStore\OnlineStore.csproj", "{D7866228-318A-4FCE-B498-8C79AF60BCA6}"
EndProject
Project("{FAE04EC0-301F-11D3-BF4B-00C04F79EFBC}") = "OSLibraryTests", "OSLibraryTests1\OSLibraryTests.csproj", "{9D3F4196-21E2-4B0B-BC5C-343BD20DF6AB}"
EndProject
Project("{FAE04EC0-301F-11D3-BF4B-00C04F79EFBC}") = "BackStageOnlineStore", "BackStageOnlineStore\BackStageOnlineStore.csproj", "{8EBB5874-2A6B-4172-94C7-8AC5342E66E1}"
EndProject
Project("{FAE04EC0-301F-11D3-BF4B-00C04F79EFBC}") = "Identity", "Identity\Identity.csproj", "{BB348CB8-9775-474C-BB8F-CD10B0E39C5A}"
EndProject
Global
	GlobalSection(SolutionConfigurationPlatforms) = preSolution
		Debug|Any CPU = Debug|Any CPU
		Release|Any CPU = Release|Any CPU
	EndGlobalSection
	GlobalSection(ProjectConfigurationPlatforms) = postSolution
		{182F06B1-710F-45FC-978F-544506C0F002}.Debug|Any CPU.ActiveCfg = Debug|Any CPU
		{182F06B1-710F-45FC-978F-544506C0F002}.Debug|Any CPU.Build.0 = Debug|Any CPU
		{182F06B1-710F-45FC-978F-544506C0F002}.Release|Any CPU.ActiveCfg = Release|Any CPU
		{182F06B1-710F-45FC-978F-544506C0F002}.Release|Any CPU.Build.0 = Release|Any CPU
		{D7866228-318A-4FCE-B498-8C79AF60BCA6}.Debug|Any CPU.ActiveCfg = Debug|Any CPU
		{D7866228-318A-4FCE-B498-8C79AF60BCA6}.Debug|Any CPU.Build.0 = Debug|Any CPU
		{D7866228-318A-4FCE-B498-8C79AF60BCA6}.Release|Any CPU.ActiveCfg = Release|Any CPU
		{D7866228-318A-4FCE-B498-8C79AF60BCA6}.Release|Any CPU.Build.0 = Release|Any CPU
		{9D3F4196-21E2-4B0B-BC5C-343BD20DF6AB}.Debug|Any CPU.ActiveCfg = Debug|Any CPU
		{9D3F4196-21E2-4B0B-BC5C-343BD20DF6AB}.Debug|Any CPU.Build.0 = Debug|Any CPU
		{9D3F4196-21E2-4B0B-BC5C-343BD20DF6AB}.Release|Any CPU.ActiveCfg = Release|Any CPU
		{9D3F4196-21E2-4B0B-BC5C-343BD20DF6AB}.Release|Any CPU.Build.0 = Release|Any CPU
		{8EBB5874-2A6B-4172-94C7-8AC5342E66E1}.Debug|Any CPU.ActiveCfg = Debug|Any CPU
		{8EBB5874-2A6B-4172-94C7-8AC5342E66E1}.Debug|Any CPU.Build.0 = Debug|Any CPU
		{8EBB5874-2A6B-4172-94C7-8AC5342E66E1}.Release|Any CPU.ActiveCfg = Release|Any CPU
		{8EBB5874-2A6B-4172-94C7-8AC5342E66E1}.Release|Any CPU.Build.0 = Release|Any CPU
		{BB348CB8-9775-474C-BB8F-CD10B0E39C5A}.Debug|Any CPU.ActiveCfg = Debug|Any CPU
		{BB348CB8-9775-474C-BB8F-CD10B0E39C5A}.Debug|Any CPU.Build.0 = Debug|Any CPU
		{BB348CB8-9775-474C-BB8F-CD10B0E39C5A}.Release|Any CPU.ActiveCfg = Release|Any CPU
		{BB348CB8-9775-474C-BB8F-CD10B0E39C5A}.Release|Any CPU.Build.0 = Release|Any CPU
	EndGlobalSection
	GlobalSection(SolutionProperties) = preSolution
		HideSolutionNode = FALSE
	EndGlobalSection
	GlobalSection(NestedProjects) = preSolution
		{9D3F4196-21E2-4B0B-BC5C-343BD20DF6AB} = {E9BB1A4C-0C79-4296-9727-E1BC32D5AC89}
	EndGlobalSection
	GlobalSection(ExtensibilityGlobals) = postSolution
		SolutionGuid = {C8200AFC-A897-41E0-8B41-EAFE40206432}
	EndGlobalSection
EndGlobal
